
Microsoft Visual Studio Solution File, Format Version 12.00
# Visual Studio Version 16
VisualStudioVersion = 16.0.33214.272
MinimumVisualStudioVersion = 10.0.40219.1
Project("{FAE04EC0-301F-11D3-BF4B-00C04F79EFBC}") = "yanzhengma", "yanzhengma\yanzhengma.csproj", "{792A2010-A32A-4240-A618-6B6EF42097A8}"
EndProject
Global
	GlobalSection(SolutionConfigurationPlatforms) = preSolution
		Debug|Any CPU = Debug|Any CPU
		Release|Any CPU = Release|Any CPU
	EndGlobalSection
	GlobalSection(ProjectConfigurationPlatforms) = postSolution
		{792A2010-A32A-4240-A618-6B6EF42097A8}.Debug|Any CPU.ActiveCfg = Debug|Any CPU
		{792A2010-A32A-4240-A618-6B6EF42097A8}.Debug|Any CPU.Build.0 = Debug|Any CPU
		{792A2010-A32A-4240-A618-6B6EF42097A8}.Release|Any CPU.ActiveCfg = Release|Any CPU
		{792A2010-A32A-4240-A618-6B6EF42097A8}.Release|Any CPU.Build.0 = Release|Any CPU
	EndGlobalSection
	GlobalSection(SolutionProperties) = preSolution
		HideSolutionNode = FALSE
	EndGlobalSection
	GlobalSection(ExtensibilityGlobals) = postSolution
		SolutionGuid = {3FC3C096-8240-48B1-BBA1-A1AA76DF9DCC}
	EndGlobalSection
EndGlobal
